
Microsoft Visual Studio Solution File, Format Version 12.00
# Visual Studio Version 17
VisualStudioVersion = 17.13.35913.81 d17.13
MinimumVisualStudioVersion = 10.0.40219.1
Project("{FAE04EC0-301F-11D3-BF4B-00C04F79EFBC}") = "MóduloProductos.Api", "MóduloProductos.Api\MóduloProductos.Api.csproj", "{D1A3795D-11AE-4497-968E-32A9FE8B99AE}"
EndProject
Project("{FAE04EC0-301F-11D3-BF4B-00C04F79EFBC}") = "GestionInventario.Tests", "GestionInventario.Tests\GestionInventario.Tests.csproj", "{5D3E14BE-CAD2-4D06-9873-1951C11EC057}"
EndProject
Project("{FAE04EC0-301F-11D3-BF4B-00C04F79EFBC}") = "ModuloCategorias.Api", "ModuloCategorias.Api\ModuloCategorias.Api.csproj", "{A80A344C-655E-4D7C-B132-8B5787D90E50}"
EndProject
Project("{FAE04EC0-301F-11D3-BF4B-00C04F79EFBC}") = "ModuloMovimientos.Api", "ModuloMovimientos.Api\ModuloMovimientos.Api.csproj", "{87141DA2-4728-4D7B-B963-9EA5DC1E53EE}"
EndProject
Global
	GlobalSection(SolutionConfigurationPlatforms) = preSolution
		Debug|Any CPU = Debug|Any CPU
		Release|Any CPU = Release|Any CPU
	EndGlobalSection
	GlobalSection(ProjectConfigurationPlatforms) = postSolution
		{D1A3795D-11AE-4497-968E-32A9FE8B99AE}.Debug|Any CPU.ActiveCfg = Debug|Any CPU
		{D1A3795D-11AE-4497-968E-32A9FE8B99AE}.Debug|Any CPU.Build.0 = Debug|Any CPU
		{D1A3795D-11AE-4497-968E-32A9FE8B99AE}.Release|Any CPU.ActiveCfg = Release|Any CPU
		{D1A3795D-11AE-4497-968E-32A9FE8B99AE}.Release|Any CPU.Build.0 = Release|Any CPU
		{5D3E14BE-CAD2-4D06-9873-1951C11EC057}.Debug|Any CPU.ActiveCfg = Debug|Any CPU
		{5D3E14BE-CAD2-4D06-9873-1951C11EC057}.Debug|Any CPU.Build.0 = Debug|Any CPU
		{5D3E14BE-CAD2-4D06-9873-1951C11EC057}.Release|Any CPU.ActiveCfg = Release|Any CPU
		{5D3E14BE-CAD2-4D06-9873-1951C11EC057}.Release|Any CPU.Build.0 = Release|Any CPU
		{A80A344C-655E-4D7C-B132-8B5787D90E50}.Debug|Any CPU.ActiveCfg = Debug|Any CPU
		{A80A344C-655E-4D7C-B132-8B5787D90E50}.Debug|Any CPU.Build.0 = Debug|Any CPU
		{A80A344C-655E-4D7C-B132-8B5787D90E50}.Release|Any CPU.ActiveCfg = Release|Any CPU
		{A80A344C-655E-4D7C-B132-8B5787D90E50}.Release|Any CPU.Build.0 = Release|Any CPU
		{87141DA2-4728-4D7B-B963-9EA5DC1E53EE}.Debug|Any CPU.ActiveCfg = Debug|Any CPU
		{87141DA2-4728-4D7B-B963-9EA5DC1E53EE}.Debug|Any CPU.Build.0 = Debug|Any CPU
		{87141DA2-4728-4D7B-B963-9EA5DC1E53EE}.Release|Any CPU.ActiveCfg = Release|Any CPU
		{87141DA2-4728-4D7B-B963-9EA5DC1E53EE}.Release|Any CPU.Build.0 = Release|Any CPU
	EndGlobalSection
	GlobalSection(SolutionProperties) = preSolution
		HideSolutionNode = FALSE
	EndGlobalSection
	GlobalSection(ExtensibilityGlobals) = postSolution
		SolutionGuid = {08DA2BC0-1771-4857-8C5C-49D327301BA5}
	EndGlobalSection
EndGlobal
